
Microsoft Visual Studio Solution File, Format Version 12.00
# Visual Studio Version 17
VisualStudioVersion = 17.5.33627.172
MinimumVisualStudioVersion = 10.0.40219.1
Project("{FAE04EC0-301F-11D3-BF4B-00C04F79EFBC}") = "SmartFleet", "SmartFleet\SmartFleet.csproj", "{EB49AE00-905D-4607-9AA1-7B70EBF3BB82}"
EndProject
Global
	GlobalSection(SolutionConfigurationPlatforms) = preSolution
		Debug|Any CPU = Debug|Any CPU
		Release|Any CPU = Release|Any CPU
	EndGlobalSection
	GlobalSection(ProjectConfigurationPlatforms) = postSolution
		{EB49AE00-905D-4607-9AA1-7B70EBF3BB82}.Debug|Any CPU.ActiveCfg = Debug|Any CPU
		{EB49AE00-905D-4607-9AA1-7B70EBF3BB82}.Debug|Any CPU.Build.0 = Debug|Any CPU
		{EB49AE00-905D-4607-9AA1-7B70EBF3BB82}.Release|Any CPU.ActiveCfg = Release|Any CPU
		{EB49AE00-905D-4607-9AA1-7B70EBF3BB82}.Release|Any CPU.Build.0 = Release|Any CPU
	EndGlobalSection
	GlobalSection(SolutionProperties) = preSolution
		HideSolutionNode = FALSE
	EndGlobalSection
	GlobalSection(ExtensibilityGlobals) = postSolution
		SolutionGuid = {0659C589-98F2-4DA5-9372-8A4F6A1B76D5}
	EndGlobalSection
EndGlobal
